
Microsoft Visual Studio Solution File, Format Version 9.00
# Visual Studio 2005
Project("{E24C65DC-7377-472B-9ABA-BC803B73C61A}") = "C:\...\upload\", "upload", "{9D5B41CC-EDFD-4942-8AA9-72D139C89C8A}"
	ProjectSection(WebsiteProperties) = preProject
		Debug.AspNetCompiler.VirtualPath = "/upload"
		Debug.AspNetCompiler.PhysicalPath = "..\..\..\..\Desktop\uploadtv\upload\"
		Debug.AspNetCompiler.TargetPath = "PrecompiledWeb\upload\"
		Debug.AspNetCompiler.Updateable = "true"
		Debug.AspNetCompiler.ForceOverwrite = "true"
		Debug.AspNetCompiler.FixedNames = "false"
		Debug.AspNetCompiler.Debug = "True"
		Release.AspNetCompiler.VirtualPath = "/upload"
		Release.AspNetCompiler.PhysicalPath = "..\..\..\..\Desktop\uploadtv\upload\"
		Release.AspNetCompiler.TargetPath = "PrecompiledWeb\upload\"
		Release.AspNetCompiler.Updateable = "true"
		Release.AspNetCompiler.ForceOverwrite = "true"
		Release.AspNetCompiler.FixedNames = "false"
		Release.AspNetCompiler.Debug = "False"
		VWDPort = "16461"
	EndProjectSection
EndProject
Global
	GlobalSection(SolutionConfigurationPlatforms) = preSolution
		Debug|.NET = Debug|.NET
	EndGlobalSection
	GlobalSection(ProjectConfigurationPlatforms) = postSolution
		{9D5B41CC-EDFD-4942-8AA9-72D139C89C8A}.Debug|.NET.ActiveCfg = Debug|.NET
		{9D5B41CC-EDFD-4942-8AA9-72D139C89C8A}.Debug|.NET.Build.0 = Debug|.NET
	EndGlobalSection
	GlobalSection(SolutionProperties) = preSolution
		HideSolutionNode = FALSE
	EndGlobalSection
EndGlobal
